
Microsoft Visual Studio Solution File, Format Version 12.00
# Visual Studio Version 17
VisualStudioVersion = 17.8.34330.188
MinimumVisualStudioVersion = 10.0.40219.1
Project("{FAE04EC0-301F-11D3-BF4B-00C04F79EFBC}") = "ApiServicioA", "ApiServicioA\ApiServicioA.csproj", "{B7A89604-AC8D-4907-A8DA-9B6252C367AA}"
EndProject
Global
	GlobalSection(SolutionConfigurationPlatforms) = preSolution
		Debug|Any CPU = Debug|Any CPU
		Release|Any CPU = Release|Any CPU
	EndGlobalSection
	GlobalSection(ProjectConfigurationPlatforms) = postSolution
		{B7A89604-AC8D-4907-A8DA-9B6252C367AA}.Debug|Any CPU.ActiveCfg = Debug|Any CPU
		{B7A89604-AC8D-4907-A8DA-9B6252C367AA}.Debug|Any CPU.Build.0 = Debug|Any CPU
		{B7A89604-AC8D-4907-A8DA-9B6252C367AA}.Release|Any CPU.ActiveCfg = Release|Any CPU
		{B7A89604-AC8D-4907-A8DA-9B6252C367AA}.Release|Any CPU.Build.0 = Release|Any CPU
	EndGlobalSection
	GlobalSection(SolutionProperties) = preSolution
		HideSolutionNode = FALSE
	EndGlobalSection
	GlobalSection(ExtensibilityGlobals) = postSolution
		SolutionGuid = {801204C4-0351-4954-8F67-B1F4BB95F7C2}
	EndGlobalSection
EndGlobal
